
Microsoft Visual Studio Solution File, Format Version 12.00
# Visual Studio 15
Project("{FAE04EC0-301F-11D3-BF4B-00C04F79EFBC}") = "Unity.Timeline", "Unity.Timeline.csproj", "{A3D65223-B0BC-7FBC-B402-5A32018C8F04}"
EndProject
Project("{FAE04EC0-301F-11D3-BF4B-00C04F79EFBC}") = "Unity.PlasticSCM.Editor", "Unity.PlasticSCM.Editor.csproj", "{CD6F726B-9E58-EB78-E3F3-6D159F60528E}"
EndProject
Project("{FAE04EC0-301F-11D3-BF4B-00C04F79EFBC}") = "Unity.AppUI", "Unity.AppUI.csproj", "{62CD61D9-6971-8D02-6765-2B3F739E76FB}"
EndProject
Project("{FAE04EC0-301F-11D3-BF4B-00C04F79EFBC}") = "Unity.2D.Aseprite.Editor", "Unity.2D.Aseprite.Editor.csproj", "{08B62911-AA9A-5194-6444-9D8892ED7587}"
EndProject
Project("{FAE04EC0-301F-11D3-BF4B-00C04F79EFBC}") = "Unity.Timeline.Editor", "Unity.Timeline.Editor.csproj", "{D44C43C7-9396-284D-BD58-6760B315DB0C}"
EndProject
Project("{FAE04EC0-301F-11D3-BF4B-00C04F79EFBC}") = "Unity.Multiplayer.Center.Editor", "Unity.Multiplayer.Center.Editor.csproj", "{1B410A45-6883-76CD-B69E-380EEF81A46C}"
EndProject
Project("{FAE04EC0-301F-11D3-BF4B-00C04F79EFBC}") = "Unity.2D.Psdimporter.Editor", "Unity.2D.Psdimporter.Editor.csproj", "{37352991-2EA3-30D0-ECB7-23BEE6233AE5}"
EndProject
Project("{FAE04EC0-301F-11D3-BF4B-00C04F79EFBC}") = "Unity.2D.IK.Runtime", "Unity.2D.IK.Runtime.csproj", "{E38A3877-9A6F-5388-DABF-5FBDF8AFB3D5}"
EndProject
Project("{FAE04EC0-301F-11D3-BF4B-00C04F79EFBC}") = "UnityEngine.UI", "UnityEngine.UI.csproj", "{D30E486A-085F-2369-2578-BB75CC8841CC}"
EndProject
Project("{FAE04EC0-301F-11D3-BF4B-00C04F79EFBC}") = "Unity.Collections", "Unity.Collections.csproj", "{D47724C1-D1B6-4E4D-C57E-A7FABECCB94A}"
EndProject
Project("{FAE04EC0-301F-11D3-BF4B-00C04F79EFBC}") = "Unity.InferenceEngine.Microsoft.Msagl", "Unity.InferenceEngine.Microsoft.Msagl.csproj", "{886EFA9C-0EBB-9600-19F0-5014478176BA}"
EndProject
Project("{FAE04EC0-301F-11D3-BF4B-00C04F79EFBC}") = "Unity.VisualScripting.Core.Editor", "Unity.VisualScripting.Core.Editor.csproj", "{C40F69B2-D259-7671-DA1D-0094F9EC6CE7}"
EndProject
Project("{FAE04EC0-301F-11D3-BF4B-00C04F79EFBC}") = "Unity.PerformanceTesting.Editor", "Unity.PerformanceTesting.Editor.csproj", "{01E45919-13C7-AC61-BDE1-BE1787F4ACD6}"
EndProject
Project("{FAE04EC0-301F-11D3-BF4B-00C04F79EFBC}") = "UnityEngine.TestRunner", "UnityEngine.TestRunner.csproj", "{8A78DD17-9094-B1CB-A4E8-43F56FF70871}"
EndProject
Project("{FAE04EC0-301F-11D3-BF4B-00C04F79EFBC}") = "Unity.AppUI.Redux", "Unity.AppUI.Redux.csproj", "{3C84A962-5D6F-3B16-AEAD-8256C6AB05AD}"
EndProject
Project("{FAE04EC0-301F-11D3-BF4B-00C04F79EFBC}") = "Unity.2D.Tilemap.Editor", "Unity.2D.Tilemap.Editor.csproj", "{3D86644A-3FF8-6F75-F7CA-68DA214EE0FA}"
EndProject
Project("{FAE04EC0-301F-11D3-BF4B-00C04F79EFBC}") = "Unity.Burst", "Unity.Burst.csproj", "{2834B41F-F955-E64C-23D3-462EF67EC41F}"
EndProject
Project("{FAE04EC0-301F-11D3-BF4B-00C04F79EFBC}") = "Unity.InferenceEngine.Editor.Visualizer", "Unity.InferenceEngine.Editor.Visualizer.csproj", "{D2F19DF5-46FE-2D47-8AA4-170F20B09F66}"
EndProject
Project("{FAE04EC0-301F-11D3-BF4B-00C04F79EFBC}") = "Unity.VisualScripting.Flow.Editor", "Unity.VisualScripting.Flow.Editor.csproj", "{CA4A7871-CD33-9712-BD3E-91E11F079488}"
EndProject
Project("{FAE04EC0-301F-11D3-BF4B-00C04F79EFBC}") = "Unity.2D.SpriteShape.Editor", "Unity.2D.SpriteShape.Editor.csproj", "{C0DE7829-D121-7B31-6B3A-FB7539FAC1EF}"
EndProject
Project("{FAE04EC0-301F-11D3-BF4B-00C04F79EFBC}") = "Unity.VisualStudio.Editor", "Unity.VisualStudio.Editor.csproj", "{98BEDA25-4D17-A582-EB47-17A68E344CA9}"
EndProject
Project("{FAE04EC0-301F-11D3-BF4B-00C04F79EFBC}") = "Unity.InputSystem", "Unity.InputSystem.csproj", "{E05AFB1B-A878-AAAE-355B-C5542BAE5870}"
EndProject
Project("{FAE04EC0-301F-11D3-BF4B-00C04F79EFBC}") = "Unity.InferenceEngine", "Unity.InferenceEngine.csproj", "{B2E744F4-BBAA-8683-58A2-AA5E48C54275}"
EndProject
Project("{FAE04EC0-301F-11D3-BF4B-00C04F79EFBC}") = "Unity.2D.Animation.Editor", "Unity.2D.Animation.Editor.csproj", "{D11F9DAD-49BE-58ED-D692-CD7160B0F0F0}"
EndProject
Project("{FAE04EC0-301F-11D3-BF4B-00C04F79EFBC}") = "Unity.InferenceEngine.Tokenization", "Unity.InferenceEngine.Tokenization.csproj", "{34878937-7DFA-51EF-341A-AA461B54AACB}"
EndProject
Project("{FAE04EC0-301F-11D3-BF4B-00C04F79EFBC}") = "Unity.2D.SpriteShape.Runtime", "Unity.2D.SpriteShape.Runtime.csproj", "{7A3A7F12-3C8F-1EAC-45E5-B79D3EA34B2B}"
EndProject
Project("{FAE04EC0-301F-11D3-BF4B-00C04F79EFBC}") = "UnityEditor.TestRunner", "UnityEditor.TestRunner.csproj", "{2BEB0017-22AA-CFA8-E251-79A47B824023}"
EndProject
Project("{FAE04EC0-301F-11D3-BF4B-00C04F79EFBC}") = "Unity.VisualScripting.Core", "Unity.VisualScripting.Core.csproj", "{704BC2FE-82D2-368A-F2CD-152CF7A83511}"
EndProject
Project("{FAE04EC0-301F-11D3-BF4B-00C04F79EFBC}") = "Unity.InferenceEngine.Editor", "Unity.InferenceEngine.Editor.csproj", "{3E8E3FE0-6651-8AE1-43DA-7E216E7E9CC7}"
EndProject
Project("{FAE04EC0-301F-11D3-BF4B-00C04F79EFBC}") = "Unity.VisualScripting.State.Editor", "Unity.VisualScripting.State.Editor.csproj", "{3772ABFB-18DB-F812-6E31-A07DAA257040}"
EndProject
Project("{FAE04EC0-301F-11D3-BF4B-00C04F79EFBC}") = "Unity.Burst.CodeGen", "Unity.Burst.CodeGen.csproj", "{CF3C95E9-B506-D109-A408-D9ACB2D5A513}"
EndProject
Project("{FAE04EC0-301F-11D3-BF4B-00C04F79EFBC}") = "Unity.VisualScripting.Flow", "Unity.VisualScripting.Flow.csproj", "{98A24D7A-56F3-6046-B598-C417E9DF22B4}"
EndProject
Project("{FAE04EC0-301F-11D3-BF4B-00C04F79EFBC}") = "Unity.PerformanceTesting", "Unity.PerformanceTesting.csproj", "{593C8F29-ABE7-6943-71BB-89EFCA30A6DA}"
EndProject
Project("{FAE04EC0-301F-11D3-BF4B-00C04F79EFBC}") = "Unity.2D.Tilemap.Extras.Editor", "Unity.2D.Tilemap.Extras.Editor.csproj", "{4071533B-BEAB-1BB8-D14C-25B843E80F0A}"
EndProject
Project("{FAE04EC0-301F-11D3-BF4B-00C04F79EFBC}") = "Unity.TextMeshPro", "Unity.TextMeshPro.csproj", "{374FB6E6-43BD-D1ED-6532-B1EC51038966}"
EndProject
Project("{FAE04EC0-301F-11D3-BF4B-00C04F79EFBC}") = "Unity.TextMeshPro.Editor", "Unity.TextMeshPro.Editor.csproj", "{16C3AD8E-4C89-822E-01CF-6F4EACE3B921}"
EndProject
Project("{FAE04EC0-301F-11D3-BF4B-00C04F79EFBC}") = "Unity.AppUI.Navigation.Editor", "Unity.AppUI.Navigation.Editor.csproj", "{1999DE2E-C598-1520-9B86-62D2B5AC2572}"
EndProject
Project("{FAE04EC0-301F-11D3-BF4B-00C04F79EFBC}") = "PsdPlugin", "PsdPlugin.csproj", "{C81A0B91-587B-7048-46F6-DFFAC228C929}"
EndProject
Project("{FAE04EC0-301F-11D3-BF4B-00C04F79EFBC}") = "Unity.2D.IK.Editor", "Unity.2D.IK.Editor.csproj", "{6B89817E-BFCF-637C-D7C3-2B6361EAC1F3}"
EndProject
Project("{FAE04EC0-301F-11D3-BF4B-00C04F79EFBC}") = "Unity.InternalAPIEngineBridge.001", "Unity.InternalAPIEngineBridge.001.csproj", "{3892BC61-4510-D1FC-9095-3F6276010950}"
EndProject
Project("{FAE04EC0-301F-11D3-BF4B-00C04F79EFBC}") = "Unity.Burst.Editor", "Unity.Burst.Editor.csproj", "{0E6B5976-8C3F-C054-B61D-D33E31A5EA6B}"
EndProject
Project("{FAE04EC0-301F-11D3-BF4B-00C04F79EFBC}") = "Unity.AppUI.InternalAPIBridge", "Unity.AppUI.InternalAPIBridge.csproj", "{23682D9A-2C0B-78A4-1855-3F64F0755749}"
EndProject
Project("{FAE04EC0-301F-11D3-BF4B-00C04F79EFBC}") = "Unity.2D.Common.Path.Editor", "Unity.2D.Common.Path.Editor.csproj", "{B00FAC83-E37A-B5DB-D406-E1001A93B73D}"
EndProject
Project("{FAE04EC0-301F-11D3-BF4B-00C04F79EFBC}") = "Unity.2D.Common.Editor", "Unity.2D.Common.Editor.csproj", "{459067EB-7EC4-16F7-9607-F817A67756AC}"
EndProject
Project("{FAE04EC0-301F-11D3-BF4B-00C04F79EFBC}") = "ScriptablePacker", "ScriptablePacker.csproj", "{11088E4D-E319-1E6A-8D05-4BDB817C20CA}"
EndProject
Project("{FAE04EC0-301F-11D3-BF4B-00C04F79EFBC}") = "Unity.Rider.Editor", "Unity.Rider.Editor.csproj", "{9A90DEB0-80E7-4C2C-B994-B79525D9F7CF}"
EndProject
Project("{FAE04EC0-301F-11D3-BF4B-00C04F79EFBC}") = "Unity.2D.Tooling.Editor", "Unity.2D.Tooling.Editor.csproj", "{CAF75BA9-DA0F-73B2-B76A-518880E3DEB7}"
EndProject
Project("{FAE04EC0-301F-11D3-BF4B-00C04F79EFBC}") = "Unity.VisualScripting.State", "Unity.VisualScripting.State.csproj", "{52F1550D-81F9-76BA-3281-404C1BB76027}"
EndProject
Project("{FAE04EC0-301F-11D3-BF4B-00C04F79EFBC}") = "Unity.InternalAPIEditorBridge.001", "Unity.InternalAPIEditorBridge.001.csproj", "{62534D47-5FF2-B204-E308-8714083B265E}"
EndProject
Project("{FAE04EC0-301F-11D3-BF4B-00C04F79EFBC}") = "UnityEditor.UI", "UnityEditor.UI.csproj", "{DE587794-34BB-5884-D7E0-B0A2F72C91C2}"
EndProject
Project("{FAE04EC0-301F-11D3-BF4B-00C04F79EFBC}") = "Unity.2D.Sprite.Editor", "Unity.2D.Sprite.Editor.csproj", "{76788628-C93E-F10A-4E8B-86F3EF01B2AE}"
EndProject
Project("{FAE04EC0-301F-11D3-BF4B-00C04F79EFBC}") = "Unity.AppUI.MVVM", "Unity.AppUI.MVVM.csproj", "{985B5429-32B2-5E83-809D-FF9C455A65CA}"
EndProject
Project("{FAE04EC0-301F-11D3-BF4B-00C04F79EFBC}") = "Assembly-CSharp", "Assembly-CSharp.csproj", "{42974852-01CD-36CC-0CB1-C1DB6EA8A92C}"
EndProject
Project("{FAE04EC0-301F-11D3-BF4B-00C04F79EFBC}") = "Unity.Multiplayer.Center.Common", "Unity.Multiplayer.Center.Common.csproj", "{F2572926-9777-12F7-5986-2A9CF6FFC9DC}"
EndProject
Project("{FAE04EC0-301F-11D3-BF4B-00C04F79EFBC}") = "Assembly-CSharp-firstpass", "Assembly-CSharp-firstpass.csproj", "{42CE45CE-3AFF-2523-D57D-C374FC73E877}"
EndProject
Project("{FAE04EC0-301F-11D3-BF4B-00C04F79EFBC}") = "Unity.AppUI.Navigation", "Unity.AppUI.Navigation.csproj", "{14ADA5ED-57D9-6AA8-5ABC-C8BE3D72C8A2}"
EndProject
Project("{FAE04EC0-301F-11D3-BF4B-00C04F79EFBC}") = "Unity.InputSystem.ForUI", "Unity.InputSystem.ForUI.csproj", "{8742430A-72C8-C182-00B9-F494DA8A5F13}"
EndProject
Project("{FAE04EC0-301F-11D3-BF4B-00C04F79EFBC}") = "Unity.Collections.CodeGen", "Unity.Collections.CodeGen.csproj", "{5C49FCFB-1BB9-5DB7-27A0-01F4FAAC59B6}"
EndProject
Project("{FAE04EC0-301F-11D3-BF4B-00C04F79EFBC}") = "Unity.2D.Tilemap.Extras", "Unity.2D.Tilemap.Extras.csproj", "{E1B4691F-67BB-4A3B-95D5-AFC17560FBAD}"
EndProject
Project("{FAE04EC0-301F-11D3-BF4B-00C04F79EFBC}") = "Unity.2D.Animation.Runtime", "Unity.2D.Animation.Runtime.csproj", "{7D86D56C-43C3-2958-1D9D-35D2C0386672}"
EndProject
Project("{FAE04EC0-301F-11D3-BF4B-00C04F79EFBC}") = "Unity.VisualScripting.SettingsProvider.Editor", "Unity.VisualScripting.SettingsProvider.Editor.csproj", "{45C65DC4-A882-EB85-DAF4-A9D31560D6C7}"
EndProject
Project("{FAE04EC0-301F-11D3-BF4B-00C04F79EFBC}") = "UnityEditor.UI.Analytics", "UnityEditor.UI.Analytics.csproj", "{B8D87031-CB62-D2A8-4F41-2CC923E7F53B}"
EndProject
Project("{FAE04EC0-301F-11D3-BF4B-00C04F79EFBC}") = "Unity.2D.Common.Runtime", "Unity.2D.Common.Runtime.csproj", "{26EC6B18-782B-2405-FCE6-82F5D8EBAE03}"
EndProject
Project("{FAE04EC0-301F-11D3-BF4B-00C04F79EFBC}") = "Unity.AppUI.Editor", "Unity.AppUI.Editor.csproj", "{50640DEB-1CF5-AC07-A2EA-74E2F3DAD73E}"
EndProject
Project("{FAE04EC0-301F-11D3-BF4B-00C04F79EFBC}") = "Unity.InputSystem.TestFramework", "Unity.InputSystem.TestFramework.csproj", "{77C7AE78-C4C6-8FF8-AF6B-E29ED9321A26}"
EndProject
Project("{FAE04EC0-301F-11D3-BF4B-00C04F79EFBC}") = "Unity.VisualScripting.Shared.Editor", "Unity.VisualScripting.Shared.Editor.csproj", "{CE584F6E-1485-8E30-C1BA-33C3EEE26B83}"
EndProject
Project("{FAE04EC0-301F-11D3-BF4B-00C04F79EFBC}") = "Unity.AppUI.Redux.Editor", "Unity.AppUI.Redux.Editor.csproj", "{C831D9DE-BC96-68D0-E74E-B27B04C01753}"
EndProject
Project("{FAE04EC0-301F-11D3-BF4B-00C04F79EFBC}") = "Unity.2D.Aseprite.Common", "Unity.2D.Aseprite.Common.csproj", "{CB920D3F-ECF7-D502-F1B5-7008933064DF}"
EndProject
Project("{FAE04EC0-301F-11D3-BF4B-00C04F79EFBC}") = "Unity.AppUI.Undo", "Unity.AppUI.Undo.csproj", "{290BFB97-4AF3-191F-84CE-48907BF05FD0}"
EndProject
Project("{FAE04EC0-301F-11D3-BF4B-00C04F79EFBC}") = "Unity.CollabProxy.Editor", "Unity.CollabProxy.Editor.csproj", "{EB9EBDC4-E836-64AB-00D6-57E6BC6F0FE0}"
EndProject
Project("{FAE04EC0-301F-11D3-BF4B-00C04F79EFBC}") = "Unity.InternalAPIEngineBridge.004", "Unity.InternalAPIEngineBridge.004.csproj", "{FFC1B8F2-54B9-2B08-90F0-919FB5488044}"
EndProject
Project("{FAE04EC0-301F-11D3-BF4B-00C04F79EFBC}") = "Unity.InputSystem.DocCodeSamples", "Unity.InputSystem.DocCodeSamples.csproj", "{E62E54BA-4A88-8B33-2441-8C8E42FD1034}"
EndProject
Project("{FAE04EC0-301F-11D3-BF4B-00C04F79EFBC}") = "Unity.InferenceEngine.MacBLAS", "Unity.InferenceEngine.MacBLAS.csproj", "{7E1F7028-817D-46E0-8C4A-6928F1AE83A9}"
EndProject
Project("{FAE04EC0-301F-11D3-BF4B-00C04F79EFBC}") = "Unity.InferenceEngine.ONNX.Editor", "Unity.InferenceEngine.ONNX.Editor.csproj", "{2AFE1CFA-492A-7CD6-4B91-C586C638BBFF}"
EndProject
Project("{FAE04EC0-301F-11D3-BF4B-00C04F79EFBC}") = "Unity.VisualScripting.DocCodeExamples", "Unity.VisualScripting.DocCodeExamples.csproj", "{89D0C559-1B67-CFE4-EBD2-8C0E59C681E6}"
EndProject
Project("{FAE04EC0-301F-11D3-BF4B-00C04F79EFBC}") = "Unity.InferenceEngine.iOSBLAS", "Unity.InferenceEngine.iOSBLAS.csproj", "{F472933B-FF62-F287-B69B-B1F6B795D154}"
EndProject
Project("{FAE04EC0-301F-11D3-BF4B-00C04F79EFBC}") = "Unity.PlasticSCM.Editor.Entities", "Unity.PlasticSCM.Editor.Entities.csproj", "{F0472DD3-C271-65A6-079E-D31C38D7F5D3}"
EndProject
Project("{FAE04EC0-301F-11D3-BF4B-00C04F79EFBC}") = "Unity.Collections.Editor", "Unity.Collections.Editor.csproj", "{C8786D3C-EDA4-CD9F-6811-C0DFB06A43C9}"
EndProject
Project("{FAE04EC0-301F-11D3-BF4B-00C04F79EFBC}") = "Unity.Mathematics", "Unity.Mathematics.csproj", "{75EDABC6-632F-5D33-2407-9613D76D142B}"
EndProject
Project("{FAE04EC0-301F-11D3-BF4B-00C04F79EFBC}") = "Unity.2D.Triangulation.Runtime", "Unity.2D.Triangulation.Runtime.csproj", "{784DCB30-19B4-F6DA-DEB4-5ADA3982EC0A}"
EndProject
Project("{FAE04EC0-301F-11D3-BF4B-00C04F79EFBC}") = "Unity.Timeline", "Unity.Timeline.Player.csproj", "{B1DEE84A-2023-193F-7DBD-2EF6DD7ACED8}"
EndProject
Project("{FAE04EC0-301F-11D3-BF4B-00C04F79EFBC}") = "Unity.2D.IK.Runtime", "Unity.2D.IK.Runtime.Player.csproj", "{4BAE0D87-43AD-D765-3E5C-854119103488}"
EndProject
Project("{FAE04EC0-301F-11D3-BF4B-00C04F79EFBC}") = "UnityEngine.UI", "UnityEngine.UI.Player.csproj", "{D26D593C-F24D-872E-91BB-031B0A56EAC8}"
EndProject
Project("{FAE04EC0-301F-11D3-BF4B-00C04F79EFBC}") = "Unity.Collections", "Unity.Collections.Player.csproj", "{4682040E-D254-C45E-8258-9A769D28F0DB}"
EndProject
Project("{FAE04EC0-301F-11D3-BF4B-00C04F79EFBC}") = "UnityEngine.TestRunner", "UnityEngine.TestRunner.Player.csproj", "{41812C8B-D33A-0926-6349-BAF74A70E374}"
EndProject
Project("{FAE04EC0-301F-11D3-BF4B-00C04F79EFBC}") = "Unity.Burst", "Unity.Burst.Player.csproj", "{822D799B-6400-3DF5-465E-01691A728703}"
EndProject
Project("{FAE04EC0-301F-11D3-BF4B-00C04F79EFBC}") = "Unity.InputSystem", "Unity.InputSystem.Player.csproj", "{85ED7C10-5C44-511C-FE9D-DE0308FE9210}"
EndProject
Project("{FAE04EC0-301F-11D3-BF4B-00C04F79EFBC}") = "Unity.InferenceEngine", "Unity.InferenceEngine.Player.csproj", "{8F6D3C48-E097-4897-307C-089BF26DA5F6}"
EndProject
Project("{FAE04EC0-301F-11D3-BF4B-00C04F79EFBC}") = "Unity.InferenceEngine.Tokenization", "Unity.InferenceEngine.Tokenization.Player.csproj", "{81662188-824C-0970-F85A-DE568BC70B91}"
EndProject
Project("{FAE04EC0-301F-11D3-BF4B-00C04F79EFBC}") = "Unity.2D.SpriteShape.Runtime", "Unity.2D.SpriteShape.Runtime.Player.csproj", "{69DDE8AA-0BBF-4684-E3FB-0638ADA5C582}"
EndProject
Project("{FAE04EC0-301F-11D3-BF4B-00C04F79EFBC}") = "Unity.VisualScripting.Core", "Unity.VisualScripting.Core.Player.csproj", "{811AC89E-A3DB-F224-44F0-75C8FBDC370B}"
EndProject
Project("{FAE04EC0-301F-11D3-BF4B-00C04F79EFBC}") = "Unity.VisualScripting.Flow", "Unity.VisualScripting.Flow.Player.csproj", "{6AEC704B-07E7-C4AC-EE41-07898C504DBB}"
EndProject
Project("{FAE04EC0-301F-11D3-BF4B-00C04F79EFBC}") = "Unity.PerformanceTesting", "Unity.PerformanceTesting.Player.csproj", "{7FB8E50E-4A45-5C8C-901E-897696DB5655}"
EndProject
Project("{FAE04EC0-301F-11D3-BF4B-00C04F79EFBC}") = "Unity.TextMeshPro", "Unity.TextMeshPro.Player.csproj", "{F8E4E988-14C1-4C92-1BAA-A8591CEEA959}"
EndProject
Project("{FAE04EC0-301F-11D3-BF4B-00C04F79EFBC}") = "Unity.InternalAPIEngineBridge.001", "Unity.InternalAPIEngineBridge.001.Player.csproj", "{552166B0-E161-F331-42E6-D231082A1391}"
EndProject
Project("{FAE04EC0-301F-11D3-BF4B-00C04F79EFBC}") = "Unity.VisualScripting.State", "Unity.VisualScripting.State.Player.csproj", "{093744C8-3810-E5E8-CD23-8637E7300374}"
EndProject
Project("{FAE04EC0-301F-11D3-BF4B-00C04F79EFBC}") = "Assembly-CSharp", "Assembly-CSharp.Player.csproj", "{E6E34404-9A87-D151-9364-9088BAF89CB2}"
EndProject
Project("{FAE04EC0-301F-11D3-BF4B-00C04F79EFBC}") = "Unity.Multiplayer.Center.Common", "Unity.Multiplayer.Center.Common.Player.csproj", "{E2E1F08A-3EC4-D7A5-7B8E-C76E1F1B4869}"
EndProject
Project("{FAE04EC0-301F-11D3-BF4B-00C04F79EFBC}") = "Assembly-CSharp-firstpass", "Assembly-CSharp-firstpass.Player.csproj", "{51D2082F-6E9D-9BC7-5888-48B4AD5C537C}"
EndProject
Project("{FAE04EC0-301F-11D3-BF4B-00C04F79EFBC}") = "Unity.InputSystem.ForUI", "Unity.InputSystem.ForUI.Player.csproj", "{30A87802-E7F3-256E-85FC-EC862ED35EFE}"
EndProject
Project("{FAE04EC0-301F-11D3-BF4B-00C04F79EFBC}") = "Unity.2D.Tilemap.Extras", "Unity.2D.Tilemap.Extras.Player.csproj", "{1C6F3F6A-8057-E79F-219F-74A735AE9B8E}"
EndProject
Project("{FAE04EC0-301F-11D3-BF4B-00C04F79EFBC}") = "Unity.2D.Animation.Runtime", "Unity.2D.Animation.Runtime.Player.csproj", "{05927144-177E-DA89-0B71-36312189B5F0}"
EndProject
Project("{FAE04EC0-301F-11D3-BF4B-00C04F79EFBC}") = "Unity.2D.Common.Runtime", "Unity.2D.Common.Runtime.Player.csproj", "{886AAA47-6530-B3EE-822C-F7C4CC7A9C28}"
EndProject
Project("{FAE04EC0-301F-11D3-BF4B-00C04F79EFBC}") = "Unity.InputSystem.TestFramework", "Unity.InputSystem.TestFramework.Player.csproj", "{D5E6EB15-D60A-74FF-0D12-ADE5A2B8CBEE}"
EndProject
Project("{FAE04EC0-301F-11D3-BF4B-00C04F79EFBC}") = "Unity.InternalAPIEngineBridge.004", "Unity.InternalAPIEngineBridge.004.Player.csproj", "{AD2D480B-7377-EDF3-DF57-49A63FB7331B}"
EndProject
Project("{FAE04EC0-301F-11D3-BF4B-00C04F79EFBC}") = "Unity.VisualScripting.DocCodeExamples", "Unity.VisualScripting.DocCodeExamples.Player.csproj", "{5279B6D4-515A-4D3F-EC0A-0FB65B8F0FDD}"
EndProject
Project("{FAE04EC0-301F-11D3-BF4B-00C04F79EFBC}") = "Unity.Mathematics", "Unity.Mathematics.Player.csproj", "{96B01C63-7670-A406-AD83-E5BE58C25E60}"
EndProject
Global
	GlobalSection(SolutionConfigurationPlatforms) = preSolution
		Debug|Any CPU = Debug|Any CPU
		Release|Any CPU = Release|Any CPU
	EndGlobalSection
	GlobalSection(ProjectConfigurationPlatforms) = postSolution
		{A3D65223-B0BC-7FBC-B402-5A32018C8F04}.Debug|Any CPU.ActiveCfg = Debug|Any CPU
		{A3D65223-B0BC-7FBC-B402-5A32018C8F04}.Debug|Any CPU.Build.0 = Debug|Any CPU
		{A3D65223-B0BC-7FBC-B402-5A32018C8F04}.Release|Any CPU.ActiveCfg = Release|Any CPU
		{A3D65223-B0BC-7FBC-B402-5A32018C8F04}.Release|Any CPU.Build.0 = Release|Any CPU
		{CD6F726B-9E58-EB78-E3F3-6D159F60528E}.Debug|Any CPU.ActiveCfg = Debug|Any CPU
		{CD6F726B-9E58-EB78-E3F3-6D159F60528E}.Debug|Any CPU.Build.0 = Debug|Any CPU
		{CD6F726B-9E58-EB78-E3F3-6D159F60528E}.Release|Any CPU.ActiveCfg = Release|Any CPU
		{CD6F726B-9E58-EB78-E3F3-6D159F60528E}.Release|Any CPU.Build.0 = Release|Any CPU
		{62CD61D9-6971-8D02-6765-2B3F739E76FB}.Debug|Any CPU.ActiveCfg = Debug|Any CPU
		{62CD61D9-6971-8D02-6765-2B3F739E76FB}.Debug|Any CPU.Build.0 = Debug|Any CPU
		{62CD61D9-6971-8D02-6765-2B3F739E76FB}.Release|Any CPU.ActiveCfg = Release|Any CPU
		{62CD61D9-6971-8D02-6765-2B3F739E76FB}.Release|Any CPU.Build.0 = Release|Any CPU
		{08B62911-AA9A-5194-6444-9D8892ED7587}.Debug|Any CPU.ActiveCfg = Debug|Any CPU
		{08B62911-AA9A-5194-6444-9D8892ED7587}.Debug|Any CPU.Build.0 = Debug|Any CPU
		{08B62911-AA9A-5194-6444-9D8892ED7587}.Release|Any CPU.ActiveCfg = Release|Any CPU
		{08B62911-AA9A-5194-6444-9D8892ED7587}.Release|Any CPU.Build.0 = Release|Any CPU
		{D44C43C7-9396-284D-BD58-6760B315DB0C}.Debug|Any CPU.ActiveCfg = Debug|Any CPU
		{D44C43C7-9396-284D-BD58-6760B315DB0C}.Debug|Any CPU.Build.0 = Debug|Any CPU
		{D44C43C7-9396-284D-BD58-6760B315DB0C}.Release|Any CPU.ActiveCfg = Release|Any CPU
		{D44C43C7-9396-284D-BD58-6760B315DB0C}.Release|Any CPU.Build.0 = Release|Any CPU
		{1B410A45-6883-76CD-B69E-380EEF81A46C}.Debug|Any CPU.ActiveCfg = Debug|Any CPU
		{1B410A45-6883-76CD-B69E-380EEF81A46C}.Debug|Any CPU.Build.0 = Debug|Any CPU
		{1B410A45-6883-76CD-B69E-380EEF81A46C}.Release|Any CPU.ActiveCfg = Release|Any CPU
		{1B410A45-6883-76CD-B69E-380EEF81A46C}.Release|Any CPU.Build.0 = Release|Any CPU
		{37352991-2EA3-30D0-ECB7-23BEE6233AE5}.Debug|Any CPU.ActiveCfg = Debug|Any CPU
		{37352991-2EA3-30D0-ECB7-23BEE6233AE5}.Debug|Any CPU.Build.0 = Debug|Any CPU
		{37352991-2EA3-30D0-ECB7-23BEE6233AE5}.Release|Any CPU.ActiveCfg = Release|Any CPU
		{37352991-2EA3-30D0-ECB7-23BEE6233AE5}.Release|Any CPU.Build.0 = Release|Any CPU
		{E38A3877-9A6F-5388-DABF-5FBDF8AFB3D5}.Debug|Any CPU.ActiveCfg = Debug|Any CPU
		{E38A3877-9A6F-5388-DABF-5FBDF8AFB3D5}.Debug|Any CPU.Build.0 = Debug|Any CPU
		{E38A3877-9A6F-5388-DABF-5FBDF8AFB3D5}.Release|Any CPU.ActiveCfg = Release|Any CPU
		{E38A3877-9A6F-5388-DABF-5FBDF8AFB3D5}.Release|Any CPU.Build.0 = Release|Any CPU
		{D30E486A-085F-2369-2578-BB75CC8841CC}.Debug|Any CPU.ActiveCfg = Debug|Any CPU
		{D30E486A-085F-2369-2578-BB75CC8841CC}.Debug|Any CPU.Build.0 = Debug|Any CPU
		{D30E486A-085F-2369-2578-BB75CC8841CC}.Release|Any CPU.ActiveCfg = Release|Any CPU
		{D30E486A-085F-2369-2578-BB75CC8841CC}.Release|Any CPU.Build.0 = Release|Any CPU
		{D47724C1-D1B6-4E4D-C57E-A7FABECCB94A}.Debug|Any CPU.ActiveCfg = Debug|Any CPU
		{D47724C1-D1B6-4E4D-C57E-A7FABECCB94A}.Debug|Any CPU.Build.0 = Debug|Any CPU
		{D47724C1-D1B6-4E4D-C57E-A7FABECCB94A}.Release|Any CPU.ActiveCfg = Release|Any CPU
		{D47724C1-D1B6-4E4D-C57E-A7FABECCB94A}.Release|Any CPU.Build.0 = Release|Any CPU
		{886EFA9C-0EBB-9600-19F0-5014478176BA}.Debug|Any CPU.ActiveCfg = Debug|Any CPU
		{886EFA9C-0EBB-9600-19F0-5014478176BA}.Debug|Any CPU.Build.0 = Debug|Any CPU
		{886EFA9C-0EBB-9600-19F0-5014478176BA}.Release|Any CPU.ActiveCfg = Release|Any CPU
		{886EFA9C-0EBB-9600-19F0-5014478176BA}.Release|Any CPU.Build.0 = Release|Any CPU
		{C40F69B2-D259-7671-DA1D-0094F9EC6CE7}.Debug|Any CPU.ActiveCfg = Debug|Any CPU
		{C40F69B2-D259-7671-DA1D-0094F9EC6CE7}.Debug|Any CPU.Build.0 = Debug|Any CPU
		{C40F69B2-D259-7671-DA1D-0094F9EC6CE7}.Release|Any CPU.ActiveCfg = Release|Any CPU
		{C40F69B2-D259-7671-DA1D-0094F9EC6CE7}.Release|Any CPU.Build.0 = Release|Any CPU
		{01E45919-13C7-AC61-BDE1-BE1787F4ACD6}.Debug|Any CPU.ActiveCfg = Debug|Any CPU
		{01E45919-13C7-AC61-BDE1-BE1787F4ACD6}.Debug|Any CPU.Build.0 = Debug|Any CPU
		{01E45919-13C7-AC61-BDE1-BE1787F4ACD6}.Release|Any CPU.ActiveCfg = Release|Any CPU
		{01E45919-13C7-AC61-BDE1-BE1787F4ACD6}.Release|Any CPU.Build.0 = Release|Any CPU
		{8A78DD17-9094-B1CB-A4E8-43F56FF70871}.Debug|Any CPU.ActiveCfg = Debug|Any CPU
		{8A78DD17-9094-B1CB-A4E8-43F56FF70871}.Debug|Any CPU.Build.0 = Debug|Any CPU
		{8A78DD17-9094-B1CB-A4E8-43F56FF70871}.Release|Any CPU.ActiveCfg = Release|Any CPU
		{8A78DD17-9094-B1CB-A4E8-43F56FF70871}.Release|Any CPU.Build.0 = Release|Any CPU
		{3C84A962-5D6F-3B16-AEAD-8256C6AB05AD}.Debug|Any CPU.ActiveCfg = Debug|Any CPU
		{3C84A962-5D6F-3B16-AEAD-8256C6AB05AD}.Debug|Any CPU.Build.0 = Debug|Any CPU
		{3C84A962-5D6F-3B16-AEAD-8256C6AB05AD}.Release|Any CPU.ActiveCfg = Release|Any CPU
		{3C84A962-5D6F-3B16-AEAD-8256C6AB05AD}.Release|Any CPU.Build.0 = Release|Any CPU
		{3D86644A-3FF8-6F75-F7CA-68DA214EE0FA}.Debug|Any CPU.ActiveCfg = Debug|Any CPU
		{3D86644A-3FF8-6F75-F7CA-68DA214EE0FA}.Debug|Any CPU.Build.0 = Debug|Any CPU
		{3D86644A-3FF8-6F75-F7CA-68DA214EE0FA}.Release|Any CPU.ActiveCfg = Release|Any CPU
		{3D86644A-3FF8-6F75-F7CA-68DA214EE0FA}.Release|Any CPU.Build.0 = Release|Any CPU
		{2834B41F-F955-E64C-23D3-462EF67EC41F}.Debug|Any CPU.ActiveCfg = Debug|Any CPU
		{2834B41F-F955-E64C-23D3-462EF67EC41F}.Debug|Any CPU.Build.0 = Debug|Any CPU
		{2834B41F-F955-E64C-23D3-462EF67EC41F}.Release|Any CPU.ActiveCfg = Release|Any CPU
		{2834B41F-F955-E64C-23D3-462EF67EC41F}.Release|Any CPU.Build.0 = Release|Any CPU
		{D2F19DF5-46FE-2D47-8AA4-170F20B09F66}.Debug|Any CPU.ActiveCfg = Debug|Any CPU
		{D2F19DF5-46FE-2D47-8AA4-170F20B09F66}.Debug|Any CPU.Build.0 = Debug|Any CPU
		{D2F19DF5-46FE-2D47-8AA4-170F20B09F66}.Release|Any CPU.ActiveCfg = Release|Any CPU
		{D2F19DF5-46FE-2D47-8AA4-170F20B09F66}.Release|Any CPU.Build.0 = Release|Any CPU
		{CA4A7871-CD33-9712-BD3E-91E11F079488}.Debug|Any CPU.ActiveCfg = Debug|Any CPU
		{CA4A7871-CD33-9712-BD3E-91E11F079488}.Debug|Any CPU.Build.0 = Debug|Any CPU
		{CA4A7871-CD33-9712-BD3E-91E11F079488}.Release|Any CPU.ActiveCfg = Release|Any CPU
		{CA4A7871-CD33-9712-BD3E-91E11F079488}.Release|Any CPU.Build.0 = Release|Any CPU
		{C0DE7829-D121-7B31-6B3A-FB7539FAC1EF}.Debug|Any CPU.ActiveCfg = Debug|Any CPU
		{C0DE7829-D121-7B31-6B3A-FB7539FAC1EF}.Debug|Any CPU.Build.0 = Debug|Any CPU
		{C0DE7829-D121-7B31-6B3A-FB7539FAC1EF}.Release|Any CPU.ActiveCfg = Release|Any CPU
		{C0DE7829-D121-7B31-6B3A-FB7539FAC1EF}.Release|Any CPU.Build.0 = Release|Any CPU
		{98BEDA25-4D17-A582-EB47-17A68E344CA9}.Debug|Any CPU.ActiveCfg = Debug|Any CPU
		{98BEDA25-4D17-A582-EB47-17A68E344CA9}.Debug|Any CPU.Build.0 = Debug|Any CPU
		{98BEDA25-4D17-A582-EB47-17A68E344CA9}.Release|Any CPU.ActiveCfg = Release|Any CPU
		{98BEDA25-4D17-A582-EB47-17A68E344CA9}.Release|Any CPU.Build.0 = Release|Any CPU
		{E05AFB1B-A878-AAAE-355B-C5542BAE5870}.Debug|Any CPU.ActiveCfg = Debug|Any CPU
		{E05AFB1B-A878-AAAE-355B-C5542BAE5870}.Debug|Any CPU.Build.0 = Debug|Any CPU
		{E05AFB1B-A878-AAAE-355B-C5542BAE5870}.Release|Any CPU.ActiveCfg = Release|Any CPU
		{E05AFB1B-A878-AAAE-355B-C5542BAE5870}.Release|Any CPU.Build.0 = Release|Any CPU
		{B2E744F4-BBAA-8683-58A2-AA5E48C54275}.Debug|Any CPU.ActiveCfg = Debug|Any CPU
		{B2E744F4-BBAA-8683-58A2-AA5E48C54275}.Debug|Any CPU.Build.0 = Debug|Any CPU
		{B2E744F4-BBAA-8683-58A2-AA5E48C54275}.Release|Any CPU.ActiveCfg = Release|Any CPU
		{B2E744F4-BBAA-8683-58A2-AA5E48C54275}.Release|Any CPU.Build.0 = Release|Any CPU
		{D11F9DAD-49BE-58ED-D692-CD7160B0F0F0}.Debug|Any CPU.ActiveCfg = Debug|Any CPU
		{D11F9DAD-49BE-58ED-D692-CD7160B0F0F0}.Debug|Any CPU.Build.0 = Debug|Any CPU
		{D11F9DAD-49BE-58ED-D692-CD7160B0F0F0}.Release|Any CPU.ActiveCfg = Release|Any CPU
		{D11F9DAD-49BE-58ED-D692-CD7160B0F0F0}.Release|Any CPU.Build.0 = Release|Any CPU
		{34878937-7DFA-51EF-341A-AA461B54AACB}.Debug|Any CPU.ActiveCfg = Debug|Any CPU
		{34878937-7DFA-51EF-341A-AA461B54AACB}.Debug|Any CPU.Build.0 = Debug|Any CPU
		{34878937-7DFA-51EF-341A-AA461B54AACB}.Release|Any CPU.ActiveCfg = Release|Any CPU
		{34878937-7DFA-51EF-341A-AA461B54AACB}.Release|Any CPU.Build.0 = Release|Any CPU
		{7A3A7F12-3C8F-1EAC-45E5-B79D3EA34B2B}.Debug|Any CPU.ActiveCfg = Debug|Any CPU
		{7A3A7F12-3C8F-1EAC-45E5-B79D3EA34B2B}.Debug|Any CPU.Build.0 = Debug|Any CPU
		{7A3A7F12-3C8F-1EAC-45E5-B79D3EA34B2B}.Release|Any CPU.ActiveCfg = Release|Any CPU
		{7A3A7F12-3C8F-1EAC-45E5-B79D3EA34B2B}.Release|Any CPU.Build.0 = Release|Any CPU
		{2BEB0017-22AA-CFA8-E251-79A47B824023}.Debug|Any CPU.ActiveCfg = Debug|Any CPU
		{2BEB0017-22AA-CFA8-E251-79A47B824023}.Debug|Any CPU.Build.0 = Debug|Any CPU
		{2BEB0017-22AA-CFA8-E251-79A47B824023}.Release|Any CPU.ActiveCfg = Release|Any CPU
		{2BEB0017-22AA-CFA8-E251-79A47B824023}.Release|Any CPU.Build.0 = Release|Any CPU
		{704BC2FE-82D2-368A-F2CD-152CF7A83511}.Debug|Any CPU.ActiveCfg = Debug|Any CPU
		{704BC2FE-82D2-368A-F2CD-152CF7A83511}.Debug|Any CPU.Build.0 = Debug|Any CPU
		{704BC2FE-82D2-368A-F2CD-152CF7A83511}.Release|Any CPU.ActiveCfg = Release|Any CPU
		{704BC2FE-82D2-368A-F2CD-152CF7A83511}.Release|Any CPU.Build.0 = Release|Any CPU
		{3E8E3FE0-6651-8AE1-43DA-7E216E7E9CC7}.Debug|Any CPU.ActiveCfg = Debug|Any CPU
		{3E8E3FE0-6651-8AE1-43DA-7E216E7E9CC7}.Debug|Any CPU.Build.0 = Debug|Any CPU
		{3E8E3FE0-6651-8AE1-43DA-7E216E7E9CC7}.Release|Any CPU.ActiveCfg = Release|Any CPU
		{3E8E3FE0-6651-8AE1-43DA-7E216E7E9CC7}.Release|Any CPU.Build.0 = Release|Any CPU
		{3772ABFB-18DB-F812-6E31-A07DAA257040}.Debug|Any CPU.ActiveCfg = Debug|Any CPU
		{3772ABFB-18DB-F812-6E31-A07DAA257040}.Debug|Any CPU.Build.0 = Debug|Any CPU
		{3772ABFB-18DB-F812-6E31-A07DAA257040}.Release|Any CPU.ActiveCfg = Release|Any CPU
		{3772ABFB-18DB-F812-6E31-A07DAA257040}.Release|Any CPU.Build.0 = Release|Any CPU
		{CF3C95E9-B506-D109-A408-D9ACB2D5A513}.Debug|Any CPU.ActiveCfg = Debug|Any CPU
		{CF3C95E9-B506-D109-A408-D9ACB2D5A513}.Debug|Any CPU.Build.0 = Debug|Any CPU
		{CF3C95E9-B506-D109-A408-D9ACB2D5A513}.Release|Any CPU.ActiveCfg = Release|Any CPU
		{CF3C95E9-B506-D109-A408-D9ACB2D5A513}.Release|Any CPU.Build.0 = Release|Any CPU
		{98A24D7A-56F3-6046-B598-C417E9DF22B4}.Debug|Any CPU.ActiveCfg = Debug|Any CPU
		{98A24D7A-56F3-6046-B598-C417E9DF22B4}.Debug|Any CPU.Build.0 = Debug|Any CPU
		{98A24D7A-56F3-6046-B598-C417E9DF22B4}.Release|Any CPU.ActiveCfg = Release|Any CPU
		{98A24D7A-56F3-6046-B598-C417E9DF22B4}.Release|Any CPU.Build.0 = Release|Any CPU
		{593C8F29-ABE7-6943-71BB-89EFCA30A6DA}.Debug|Any CPU.ActiveCfg = Debug|Any CPU
		{593C8F29-ABE7-6943-71BB-89EFCA30A6DA}.Debug|Any CPU.Build.0 = Debug|Any CPU
		{593C8F29-ABE7-6943-71BB-89EFCA30A6DA}.Release|Any CPU.ActiveCfg = Release|Any CPU
		{593C8F29-ABE7-6943-71BB-89EFCA30A6DA}.Release|Any CPU.Build.0 = Release|Any CPU
		{4071533B-BEAB-1BB8-D14C-25B843E80F0A}.Debug|Any CPU.ActiveCfg = Debug|Any CPU
		{4071533B-BEAB-1BB8-D14C-25B843E80F0A}.Debug|Any CPU.Build.0 = Debug|Any CPU
		{4071533B-BEAB-1BB8-D14C-25B843E80F0A}.Release|Any CPU.ActiveCfg = Release|Any CPU
		{4071533B-BEAB-1BB8-D14C-25B843E80F0A}.Release|Any CPU.Build.0 = Release|Any CPU
		{374FB6E6-43BD-D1ED-6532-B1EC51038966}.Debug|Any CPU.ActiveCfg = Debug|Any CPU
		{374FB6E6-43BD-D1ED-6532-B1EC51038966}.Debug|Any CPU.Build.0 = Debug|Any CPU
		{374FB6E6-43BD-D1ED-6532-B1EC51038966}.Release|Any CPU.ActiveCfg = Release|Any CPU
		{374FB6E6-43BD-D1ED-6532-B1EC51038966}.Release|Any CPU.Build.0 = Release|Any CPU
		{16C3AD8E-4C89-822E-01CF-6F4EACE3B921}.Debug|Any CPU.ActiveCfg = Debug|Any CPU
		{16C3AD8E-4C89-822E-01CF-6F4EACE3B921}.Debug|Any CPU.Build.0 = Debug|Any CPU
		{16C3AD8E-4C89-822E-01CF-6F4EACE3B921}.Release|Any CPU.ActiveCfg = Release|Any CPU
		{16C3AD8E-4C89-822E-01CF-6F4EACE3B921}.Release|Any CPU.Build.0 = Release|Any CPU
		{1999DE2E-C598-1520-9B86-62D2B5AC2572}.Debug|Any CPU.ActiveCfg = Debug|Any CPU
		{1999DE2E-C598-1520-9B86-62D2B5AC2572}.Debug|Any CPU.Build.0 = Debug|Any CPU
		{1999DE2E-C598-1520-9B86-62D2B5AC2572}.Release|Any CPU.ActiveCfg = Release|Any CPU
		{1999DE2E-C598-1520-9B86-62D2B5AC2572}.Release|Any CPU.Build.0 = Release|Any CPU
		{C81A0B91-587B-7048-46F6-DFFAC228C929}.Debug|Any CPU.ActiveCfg = Debug|Any CPU
		{C81A0B91-587B-7048-46F6-DFFAC228C929}.Debug|Any CPU.Build.0 = Debug|Any CPU
		{C81A0B91-587B-7048-46F6-DFFAC228C929}.Release|Any CPU.ActiveCfg = Release|Any CPU
		{C81A0B91-587B-7048-46F6-DFFAC228C929}.Release|Any CPU.Build.0 = Release|Any CPU
		{6B89817E-BFCF-637C-D7C3-2B6361EAC1F3}.Debug|Any CPU.ActiveCfg = Debug|Any CPU
		{6B89817E-BFCF-637C-D7C3-2B6361EAC1F3}.Debug|Any CPU.Build.0 = Debug|Any CPU
		{6B89817E-BFCF-637C-D7C3-2B6361EAC1F3}.Release|Any CPU.ActiveCfg = Release|Any CPU
		{6B89817E-BFCF-637C-D7C3-2B6361EAC1F3}.Release|Any CPU.Build.0 = Release|Any CPU
		{3892BC61-4510-D1FC-9095-3F6276010950}.Debug|Any CPU.ActiveCfg = Debug|Any CPU
		{3892BC61-4510-D1FC-9095-3F6276010950}.Debug|Any CPU.Build.0 = Debug|Any CPU
		{3892BC61-4510-D1FC-9095-3F6276010950}.Release|Any CPU.ActiveCfg = Release|Any CPU
		{3892BC61-4510-D1FC-9095-3F6276010950}.Release|Any CPU.Build.0 = Release|Any CPU
		{0E6B5976-8C3F-C054-B61D-D33E31A5EA6B}.Debug|Any CPU.ActiveCfg = Debug|Any CPU
		{0E6B5976-8C3F-C054-B61D-D33E31A5EA6B}.Debug|Any CPU.Build.0 = Debug|Any CPU
		{0E6B5976-8C3F-C054-B61D-D33E31A5EA6B}.Release|Any CPU.ActiveCfg = Release|Any CPU
		{0E6B5976-8C3F-C054-B61D-D33E31A5EA6B}.Release|Any CPU.Build.0 = Release|Any CPU
		{23682D9A-2C0B-78A4-1855-3F64F0755749}.Debug|Any CPU.ActiveCfg = Debug|Any CPU
		{23682D9A-2C0B-78A4-1855-3F64F0755749}.Debug|Any CPU.Build.0 = Debug|Any CPU
		{23682D9A-2C0B-78A4-1855-3F64F0755749}.Release|Any CPU.ActiveCfg = Release|Any CPU
		{23682D9A-2C0B-78A4-1855-3F64F0755749}.Release|Any CPU.Build.0 = Release|Any CPU
		{B00FAC83-E37A-B5DB-D406-E1001A93B73D}.Debug|Any CPU.ActiveCfg = Debug|Any CPU
		{B00FAC83-E37A-B5DB-D406-E1001A93B73D}.Debug|Any CPU.Build.0 = Debug|Any CPU
		{B00FAC83-E37A-B5DB-D406-E1001A93B73D}.Release|Any CPU.ActiveCfg = Release|Any CPU
		{B00FAC83-E37A-B5DB-D406-E1001A93B73D}.Release|Any CPU.Build.0 = Release|Any CPU
		{459067EB-7EC4-16F7-9607-F817A67756AC}.Debug|Any CPU.ActiveCfg = Debug|Any CPU
		{459067EB-7EC4-16F7-9607-F817A67756AC}.Debug|Any CPU.Build.0 = Debug|Any CPU
		{459067EB-7EC4-16F7-9607-F817A67756AC}.Release|Any CPU.ActiveCfg = Release|Any CPU
		{459067EB-7EC4-16F7-9607-F817A67756AC}.Release|Any CPU.Build.0 = Release|Any CPU
		{11088E4D-E319-1E6A-8D05-4BDB817C20CA}.Debug|Any CPU.ActiveCfg = Debug|Any CPU
		{11088E4D-E319-1E6A-8D05-4BDB817C20CA}.Debug|Any CPU.Build.0 = Debug|Any CPU
		{11088E4D-E319-1E6A-8D05-4BDB817C20CA}.Release|Any CPU.ActiveCfg = Release|Any CPU
		{11088E4D-E319-1E6A-8D05-4BDB817C20CA}.Release|Any CPU.Build.0 = Release|Any CPU
		{9A90DEB0-80E7-4C2C-B994-B79525D9F7CF}.Debug|Any CPU.ActiveCfg = Debug|Any CPU
		{9A90DEB0-80E7-4C2C-B994-B79525D9F7CF}.Debug|Any CPU.Build.0 = Debug|Any CPU
		{9A90DEB0-80E7-4C2C-B994-B79525D9F7CF}.Release|Any CPU.ActiveCfg = Release|Any CPU
		{9A90DEB0-80E7-4C2C-B994-B79525D9F7CF}.Release|Any CPU.Build.0 = Release|Any CPU
		{CAF75BA9-DA0F-73B2-B76A-518880E3DEB7}.Debug|Any CPU.ActiveCfg = Debug|Any CPU
		{CAF75BA9-DA0F-73B2-B76A-518880E3DEB7}.Debug|Any CPU.Build.0 = Debug|Any CPU
		{CAF75BA9-DA0F-73B2-B76A-518880E3DEB7}.Release|Any CPU.ActiveCfg = Release|Any CPU
		{CAF75BA9-DA0F-73B2-B76A-518880E3DEB7}.Release|Any CPU.Build.0 = Release|Any CPU
		{52F1550D-81F9-76BA-3281-404C1BB76027}.Debug|Any CPU.ActiveCfg = Debug|Any CPU
		{52F1550D-81F9-76BA-3281-404C1BB76027}.Debug|Any CPU.Build.0 = Debug|Any CPU
		{52F1550D-81F9-76BA-3281-404C1BB76027}.Release|Any CPU.ActiveCfg = Release|Any CPU
		{52F1550D-81F9-76BA-3281-404C1BB76027}.Release|Any CPU.Build.0 = Release|Any CPU
		{62534D47-5FF2-B204-E308-8714083B265E}.Debug|Any CPU.ActiveCfg = Debug|Any CPU
		{62534D47-5FF2-B204-E308-8714083B265E}.Debug|Any CPU.Build.0 = Debug|Any CPU
		{62534D47-5FF2-B204-E308-8714083B265E}.Release|Any CPU.ActiveCfg = Release|Any CPU
		{62534D47-5FF2-B204-E308-8714083B265E}.Release|Any CPU.Build.0 = Release|Any CPU
		{DE587794-34BB-5884-D7E0-B0A2F72C91C2}.Debug|Any CPU.ActiveCfg = Debug|Any CPU
		{DE587794-34BB-5884-D7E0-B0A2F72C91C2}.Debug|Any CPU.Build.0 = Debug|Any CPU
		{DE587794-34BB-5884-D7E0-B0A2F72C91C2}.Release|Any CPU.ActiveCfg = Release|Any CPU
		{DE587794-34BB-5884-D7E0-B0A2F72C91C2}.Release|Any CPU.Build.0 = Release|Any CPU
		{76788628-C93E-F10A-4E8B-86F3EF01B2AE}.Debug|Any CPU.ActiveCfg = Debug|Any CPU
		{76788628-C93E-F10A-4E8B-86F3EF01B2AE}.Debug|Any CPU.Build.0 = Debug|Any CPU
		{76788628-C93E-F10A-4E8B-86F3EF01B2AE}.Release|Any CPU.ActiveCfg = Release|Any CPU
		{76788628-C93E-F10A-4E8B-86F3EF01B2AE}.Release|Any CPU.Build.0 = Release|Any CPU
		{985B5429-32B2-5E83-809D-FF9C455A65CA}.Debug|Any CPU.ActiveCfg = Debug|Any CPU
		{985B5429-32B2-5E83-809D-FF9C455A65CA}.Debug|Any CPU.Build.0 = Debug|Any CPU
		{985B5429-32B2-5E83-809D-FF9C455A65CA}.Release|Any CPU.ActiveCfg = Release|Any CPU
		{985B5429-32B2-5E83-809D-FF9C455A65CA}.Release|Any CPU.Build.0 = Release|Any CPU
		{42974852-01CD-36CC-0CB1-C1DB6EA8A92C}.Debug|Any CPU.ActiveCfg = Debug|Any CPU
		{42974852-01CD-36CC-0CB1-C1DB6EA8A92C}.Debug|Any CPU.Build.0 = Debug|Any CPU
		{42974852-01CD-36CC-0CB1-C1DB6EA8A92C}.Release|Any CPU.ActiveCfg = Release|Any CPU
		{42974852-01CD-36CC-0CB1-C1DB6EA8A92C}.Release|Any CPU.Build.0 = Release|Any CPU
		{F2572926-9777-12F7-5986-2A9CF6FFC9DC}.Debug|Any CPU.ActiveCfg = Debug|Any CPU
		{F2572926-9777-12F7-5986-2A9CF6FFC9DC}.Debug|Any CPU.Build.0 = Debug|Any CPU
		{F2572926-9777-12F7-5986-2A9CF6FFC9DC}.Release|Any CPU.ActiveCfg = Release|Any CPU
		{F2572926-9777-12F7-5986-2A9CF6FFC9DC}.Release|Any CPU.Build.0 = Release|Any CPU
		{42CE45CE-3AFF-2523-D57D-C374FC73E877}.Debug|Any CPU.ActiveCfg = Debug|Any CPU
		{42CE45CE-3AFF-2523-D57D-C374FC73E877}.Debug|Any CPU.Build.0 = Debug|Any CPU
		{42CE45CE-3AFF-2523-D57D-C374FC73E877}.Release|Any CPU.ActiveCfg = Release|Any CPU
		{42CE45CE-3AFF-2523-D57D-C374FC73E877}.Release|Any CPU.Build.0 = Release|Any CPU
		{14ADA5ED-57D9-6AA8-5ABC-C8BE3D72C8A2}.Debug|Any CPU.ActiveCfg = Debug|Any CPU
		{14ADA5ED-57D9-6AA8-5ABC-C8BE3D72C8A2}.Debug|Any CPU.Build.0 = Debug|Any CPU
		{14ADA5ED-57D9-6AA8-5ABC-C8BE3D72C8A2}.Release|Any CPU.ActiveCfg = Release|Any CPU
		{14ADA5ED-57D9-6AA8-5ABC-C8BE3D72C8A2}.Release|Any CPU.Build.0 = Release|Any CPU
		{8742430A-72C8-C182-00B9-F494DA8A5F13}.Debug|Any CPU.ActiveCfg = Debug|Any CPU
		{8742430A-72C8-C182-00B9-F494DA8A5F13}.Debug|Any CPU.Build.0 = Debug|Any CPU
		{8742430A-72C8-C182-00B9-F494DA8A5F13}.Release|Any CPU.ActiveCfg = Release|Any CPU
		{8742430A-72C8-C182-00B9-F494DA8A5F13}.Release|Any CPU.Build.0 = Release|Any CPU
		{5C49FCFB-1BB9-5DB7-27A0-01F4FAAC59B6}.Debug|Any CPU.ActiveCfg = Debug|Any CPU
		{5C49FCFB-1BB9-5DB7-27A0-01F4FAAC59B6}.Debug|Any CPU.Build.0 = Debug|Any CPU
		{5C49FCFB-1BB9-5DB7-27A0-01F4FAAC59B6}.Release|Any CPU.ActiveCfg = Release|Any CPU
		{5C49FCFB-1BB9-5DB7-27A0-01F4FAAC59B6}.Release|Any CPU.Build.0 = Release|Any CPU
		{E1B4691F-67BB-4A3B-95D5-AFC17560FBAD}.Debug|Any CPU.ActiveCfg = Debug|Any CPU
		{E1B4691F-67BB-4A3B-95D5-AFC17560FBAD}.Debug|Any CPU.Build.0 = Debug|Any CPU
		{E1B4691F-67BB-4A3B-95D5-AFC17560FBAD}.Release|Any CPU.ActiveCfg = Release|Any CPU
		{E1B4691F-67BB-4A3B-95D5-AFC17560FBAD}.Release|Any CPU.Build.0 = Release|Any CPU
		{7D86D56C-43C3-2958-1D9D-35D2C0386672}.Debug|Any CPU.ActiveCfg = Debug|Any CPU
		{7D86D56C-43C3-2958-1D9D-35D2C0386672}.Debug|Any CPU.Build.0 = Debug|Any CPU
		{7D86D56C-43C3-2958-1D9D-35D2C0386672}.Release|Any CPU.ActiveCfg = Release|Any CPU
		{7D86D56C-43C3-2958-1D9D-35D2C0386672}.Release|Any CPU.Build.0 = Release|Any CPU
		{45C65DC4-A882-EB85-DAF4-A9D31560D6C7}.Debug|Any CPU.ActiveCfg = Debug|Any CPU
		{45C65DC4-A882-EB85-DAF4-A9D31560D6C7}.Debug|Any CPU.Build.0 = Debug|Any CPU
		{45C65DC4-A882-EB85-DAF4-A9D31560D6C7}.Release|Any CPU.ActiveCfg = Release|Any CPU
		{45C65DC4-A882-EB85-DAF4-A9D31560D6C7}.Release|Any CPU.Build.0 = Release|Any CPU
		{B8D87031-CB62-D2A8-4F41-2CC923E7F53B}.Debug|Any CPU.ActiveCfg = Debug|Any CPU
		{B8D87031-CB62-D2A8-4F41-2CC923E7F53B}.Debug|Any CPU.Build.0 = Debug|Any CPU
		{B8D87031-CB62-D2A8-4F41-2CC923E7F53B}.Release|Any CPU.ActiveCfg = Release|Any CPU
		{B8D87031-CB62-D2A8-4F41-2CC923E7F53B}.Release|Any CPU.Build.0 = Release|Any CPU
		{26EC6B18-782B-2405-FCE6-82F5D8EBAE03}.Debug|Any CPU.ActiveCfg = Debug|Any CPU
		{26EC6B18-782B-2405-FCE6-82F5D8EBAE03}.Debug|Any CPU.Build.0 = Debug|Any CPU
		{26EC6B18-782B-2405-FCE6-82F5D8EBAE03}.Release|Any CPU.ActiveCfg = Release|Any CPU
		{26EC6B18-782B-2405-FCE6-82F5D8EBAE03}.Release|Any CPU.Build.0 = Release|Any CPU
		{50640DEB-1CF5-AC07-A2EA-74E2F3DAD73E}.Debug|Any CPU.ActiveCfg = Debug|Any CPU
		{50640DEB-1CF5-AC07-A2EA-74E2F3DAD73E}.Debug|Any CPU.Build.0 = Debug|Any CPU
		{50640DEB-1CF5-AC07-A2EA-74E2F3DAD73E}.Release|Any CPU.ActiveCfg = Release|Any CPU
		{50640DEB-1CF5-AC07-A2EA-74E2F3DAD73E}.Release|Any CPU.Build.0 = Release|Any CPU
		{77C7AE78-C4C6-8FF8-AF6B-E29ED9321A26}.Debug|Any CPU.ActiveCfg = Debug|Any CPU
		{77C7AE78-C4C6-8FF8-AF6B-E29ED9321A26}.Debug|Any CPU.Build.0 = Debug|Any CPU
		{77C7AE78-C4C6-8FF8-AF6B-E29ED9321A26}.Release|Any CPU.ActiveCfg = Release|Any CPU
		{77C7AE78-C4C6-8FF8-AF6B-E29ED9321A26}.Release|Any CPU.Build.0 = Release|Any CPU
		{CE584F6E-1485-8E30-C1BA-33C3EEE26B83}.Debug|Any CPU.ActiveCfg = Debug|Any CPU
		{CE584F6E-1485-8E30-C1BA-33C3EEE26B83}.Debug|Any CPU.Build.0 = Debug|Any CPU
		{CE584F6E-1485-8E30-C1BA-33C3EEE26B83}.Release|Any CPU.ActiveCfg = Release|Any CPU
		{CE584F6E-1485-8E30-C1BA-33C3EEE26B83}.Release|Any CPU.Build.0 = Release|Any CPU
		{C831D9DE-BC96-68D0-E74E-B27B04C01753}.Debug|Any CPU.ActiveCfg = Debug|Any CPU
		{C831D9DE-BC96-68D0-E74E-B27B04C01753}.Debug|Any CPU.Build.0 = Debug|Any CPU
		{C831D9DE-BC96-68D0-E74E-B27B04C01753}.Release|Any CPU.ActiveCfg = Release|Any CPU
		{C831D9DE-BC96-68D0-E74E-B27B04C01753}.Release|Any CPU.Build.0 = Release|Any CPU
		{CB920D3F-ECF7-D502-F1B5-7008933064DF}.Debug|Any CPU.ActiveCfg = Debug|Any CPU
		{CB920D3F-ECF7-D502-F1B5-7008933064DF}.Debug|Any CPU.Build.0 = Debug|Any CPU
		{CB920D3F-ECF7-D502-F1B5-7008933064DF}.Release|Any CPU.ActiveCfg = Release|Any CPU
		{CB920D3F-ECF7-D502-F1B5-7008933064DF}.Release|Any CPU.Build.0 = Release|Any CPU
		{290BFB97-4AF3-191F-84CE-48907BF05FD0}.Debug|Any CPU.ActiveCfg = Debug|Any CPU
		{290BFB97-4AF3-191F-84CE-48907BF05FD0}.Debug|Any CPU.Build.0 = Debug|Any CPU
		{290BFB97-4AF3-191F-84CE-48907BF05FD0}.Release|Any CPU.ActiveCfg = Release|Any CPU
		{290BFB97-4AF3-191F-84CE-48907BF05FD0}.Release|Any CPU.Build.0 = Release|Any CPU
		{EB9EBDC4-E836-64AB-00D6-57E6BC6F0FE0}.Debug|Any CPU.ActiveCfg = Debug|Any CPU
		{EB9EBDC4-E836-64AB-00D6-57E6BC6F0FE0}.Debug|Any CPU.Build.0 = Debug|Any CPU
		{EB9EBDC4-E836-64AB-00D6-57E6BC6F0FE0}.Release|Any CPU.ActiveCfg = Release|Any CPU
		{EB9EBDC4-E836-64AB-00D6-57E6BC6F0FE0}.Release|Any CPU.Build.0 = Release|Any CPU
		{FFC1B8F2-54B9-2B08-90F0-919FB5488044}.Debug|Any CPU.ActiveCfg = Debug|Any CPU
		{FFC1B8F2-54B9-2B08-90F0-919FB5488044}.Debug|Any CPU.Build.0 = Debug|Any CPU
		{FFC1B8F2-54B9-2B08-90F0-919FB5488044}.Release|Any CPU.ActiveCfg = Release|Any CPU
		{FFC1B8F2-54B9-2B08-90F0-919FB5488044}.Release|Any CPU.Build.0 = Release|Any CPU
		{E62E54BA-4A88-8B33-2441-8C8E42FD1034}.Debug|Any CPU.ActiveCfg = Debug|Any CPU
		{E62E54BA-4A88-8B33-2441-8C8E42FD1034}.Debug|Any CPU.Build.0 = Debug|Any CPU
		{E62E54BA-4A88-8B33-2441-8C8E42FD1034}.Release|Any CPU.ActiveCfg = Release|Any CPU
		{E62E54BA-4A88-8B33-2441-8C8E42FD1034}.Release|Any CPU.Build.0 = Release|Any CPU
		{7E1F7028-817D-46E0-8C4A-6928F1AE83A9}.Debug|Any CPU.ActiveCfg = Debug|Any CPU
		{7E1F7028-817D-46E0-8C4A-6928F1AE83A9}.Debug|Any CPU.Build.0 = Debug|Any CPU
		{7E1F7028-817D-46E0-8C4A-6928F1AE83A9}.Release|Any CPU.ActiveCfg = Release|Any CPU
		{7E1F7028-817D-46E0-8C4A-6928F1AE83A9}.Release|Any CPU.Build.0 = Release|Any CPU
		{2AFE1CFA-492A-7CD6-4B91-C586C638BBFF}.Debug|Any CPU.ActiveCfg = Debug|Any CPU
		{2AFE1CFA-492A-7CD6-4B91-C586C638BBFF}.Debug|Any CPU.Build.0 = Debug|Any CPU
		{2AFE1CFA-492A-7CD6-4B91-C586C638BBFF}.Release|Any CPU.ActiveCfg = Release|Any CPU
		{2AFE1CFA-492A-7CD6-4B91-C586C638BBFF}.Release|Any CPU.Build.0 = Release|Any CPU
		{89D0C559-1B67-CFE4-EBD2-8C0E59C681E6}.Debug|Any CPU.ActiveCfg = Debug|Any CPU
		{89D0C559-1B67-CFE4-EBD2-8C0E59C681E6}.Debug|Any CPU.Build.0 = Debug|Any CPU
		{89D0C559-1B67-CFE4-EBD2-8C0E59C681E6}.Release|Any CPU.ActiveCfg = Release|Any CPU
		{89D0C559-1B67-CFE4-EBD2-8C0E59C681E6}.Release|Any CPU.Build.0 = Release|Any CPU
		{F472933B-FF62-F287-B69B-B1F6B795D154}.Debug|Any CPU.ActiveCfg = Debug|Any CPU
		{F472933B-FF62-F287-B69B-B1F6B795D154}.Debug|Any CPU.Build.0 = Debug|Any CPU
		{F472933B-FF62-F287-B69B-B1F6B795D154}.Release|Any CPU.ActiveCfg = Release|Any CPU
		{F472933B-FF62-F287-B69B-B1F6B795D154}.Release|Any CPU.Build.0 = Release|Any CPU
		{F0472DD3-C271-65A6-079E-D31C38D7F5D3}.Debug|Any CPU.ActiveCfg = Debug|Any CPU
		{F0472DD3-C271-65A6-079E-D31C38D7F5D3}.Debug|Any CPU.Build.0 = Debug|Any CPU
		{F0472DD3-C271-65A6-079E-D31C38D7F5D3}.Release|Any CPU.ActiveCfg = Release|Any CPU
		{F0472DD3-C271-65A6-079E-D31C38D7F5D3}.Release|Any CPU.Build.0 = Release|Any CPU
		{C8786D3C-EDA4-CD9F-6811-C0DFB06A43C9}.Debug|Any CPU.ActiveCfg = Debug|Any CPU
		{C8786D3C-EDA4-CD9F-6811-C0DFB06A43C9}.Debug|Any CPU.Build.0 = Debug|Any CPU
		{C8786D3C-EDA4-CD9F-6811-C0DFB06A43C9}.Release|Any CPU.ActiveCfg = Release|Any CPU
		{C8786D3C-EDA4-CD9F-6811-C0DFB06A43C9}.Release|Any CPU.Build.0 = Release|Any CPU
		{75EDABC6-632F-5D33-2407-9613D76D142B}.Debug|Any CPU.ActiveCfg = Debug|Any CPU
		{75EDABC6-632F-5D33-2407-9613D76D142B}.Debug|Any CPU.Build.0 = Debug|Any CPU
		{75EDABC6-632F-5D33-2407-9613D76D142B}.Release|Any CPU.ActiveCfg = Release|Any CPU
		{75EDABC6-632F-5D33-2407-9613D76D142B}.Release|Any CPU.Build.0 = Release|Any CPU
		{784DCB30-19B4-F6DA-DEB4-5ADA3982EC0A}.Debug|Any CPU.ActiveCfg = Debug|Any CPU
		{784DCB30-19B4-F6DA-DEB4-5ADA3982EC0A}.Debug|Any CPU.Build.0 = Debug|Any CPU
		{784DCB30-19B4-F6DA-DEB4-5ADA3982EC0A}.Release|Any CPU.ActiveCfg = Release|Any CPU
		{784DCB30-19B4-F6DA-DEB4-5ADA3982EC0A}.Release|Any CPU.Build.0 = Release|Any CPU
		{B1DEE84A-2023-193F-7DBD-2EF6DD7ACED8}.Debug|Any CPU.ActiveCfg = Debug|Any CPU
		{B1DEE84A-2023-193F-7DBD-2EF6DD7ACED8}.Debug|Any CPU.Build.0 = Debug|Any CPU
		{B1DEE84A-2023-193F-7DBD-2EF6DD7ACED8}.Release|Any CPU.ActiveCfg = Release|Any CPU
		{B1DEE84A-2023-193F-7DBD-2EF6DD7ACED8}.Release|Any CPU.Build.0 = Release|Any CPU
		{4BAE0D87-43AD-D765-3E5C-854119103488}.Debug|Any CPU.ActiveCfg = Debug|Any CPU
		{4BAE0D87-43AD-D765-3E5C-854119103488}.Debug|Any CPU.Build.0 = Debug|Any CPU
		{4BAE0D87-43AD-D765-3E5C-854119103488}.Release|Any CPU.ActiveCfg = Release|Any CPU
		{4BAE0D87-43AD-D765-3E5C-854119103488}.Release|Any CPU.Build.0 = Release|Any CPU
		{D26D593C-F24D-872E-91BB-031B0A56EAC8}.Debug|Any CPU.ActiveCfg = Debug|Any CPU
		{D26D593C-F24D-872E-91BB-031B0A56EAC8}.Debug|Any CPU.Build.0 = Debug|Any CPU
		{D26D593C-F24D-872E-91BB-031B0A56EAC8}.Release|Any CPU.ActiveCfg = Release|Any CPU
		{D26D593C-F24D-872E-91BB-031B0A56EAC8}.Release|Any CPU.Build.0 = Release|Any CPU
		{4682040E-D254-C45E-8258-9A769D28F0DB}.Debug|Any CPU.ActiveCfg = Debug|Any CPU
		{4682040E-D254-C45E-8258-9A769D28F0DB}.Debug|Any CPU.Build.0 = Debug|Any CPU
		{4682040E-D254-C45E-8258-9A769D28F0DB}.Release|Any CPU.ActiveCfg = Release|Any CPU
		{4682040E-D254-C45E-8258-9A769D28F0DB}.Release|Any CPU.Build.0 = Release|Any CPU
		{41812C8B-D33A-0926-6349-BAF74A70E374}.Debug|Any CPU.ActiveCfg = Debug|Any CPU
		{41812C8B-D33A-0926-6349-BAF74A70E374}.Debug|Any CPU.Build.0 = Debug|Any CPU
		{41812C8B-D33A-0926-6349-BAF74A70E374}.Release|Any CPU.ActiveCfg = Release|Any CPU
		{41812C8B-D33A-0926-6349-BAF74A70E374}.Release|Any CPU.Build.0 = Release|Any CPU
		{822D799B-6400-3DF5-465E-01691A728703}.Debug|Any CPU.ActiveCfg = Debug|Any CPU
		{822D799B-6400-3DF5-465E-01691A728703}.Debug|Any CPU.Build.0 = Debug|Any CPU
		{822D799B-6400-3DF5-465E-01691A728703}.Release|Any CPU.ActiveCfg = Release|Any CPU
		{822D799B-6400-3DF5-465E-01691A728703}.Release|Any CPU.Build.0 = Release|Any CPU
		{85ED7C10-5C44-511C-FE9D-DE0308FE9210}.Debug|Any CPU.ActiveCfg = Debug|Any CPU
		{85ED7C10-5C44-511C-FE9D-DE0308FE9210}.Debug|Any CPU.Build.0 = Debug|Any CPU
		{85ED7C10-5C44-511C-FE9D-DE0308FE9210}.Release|Any CPU.ActiveCfg = Release|Any CPU
		{85ED7C10-5C44-511C-FE9D-DE0308FE9210}.Release|Any CPU.Build.0 = Release|Any CPU
		{8F6D3C48-E097-4897-307C-089BF26DA5F6}.Debug|Any CPU.ActiveCfg = Debug|Any CPU
		{8F6D3C48-E097-4897-307C-089BF26DA5F6}.Debug|Any CPU.Build.0 = Debug|Any CPU
		{8F6D3C48-E097-4897-307C-089BF26DA5F6}.Release|Any CPU.ActiveCfg = Release|Any CPU
		{8F6D3C48-E097-4897-307C-089BF26DA5F6}.Release|Any CPU.Build.0 = Release|Any CPU
		{81662188-824C-0970-F85A-DE568BC70B91}.Debug|Any CPU.ActiveCfg = Debug|Any CPU
		{81662188-824C-0970-F85A-DE568BC70B91}.Debug|Any CPU.Build.0 = Debug|Any CPU
		{81662188-824C-0970-F85A-DE568BC70B91}.Release|Any CPU.ActiveCfg = Release|Any CPU
		{81662188-824C-0970-F85A-DE568BC70B91}.Release|Any CPU.Build.0 = Release|Any CPU
		{69DDE8AA-0BBF-4684-E3FB-0638ADA5C582}.Debug|Any CPU.ActiveCfg = Debug|Any CPU
		{69DDE8AA-0BBF-4684-E3FB-0638ADA5C582}.Debug|Any CPU.Build.0 = Debug|Any CPU
		{69DDE8AA-0BBF-4684-E3FB-0638ADA5C582}.Release|Any CPU.ActiveCfg = Release|Any CPU
		{69DDE8AA-0BBF-4684-E3FB-0638ADA5C582}.Release|Any CPU.Build.0 = Release|Any CPU
		{811AC89E-A3DB-F224-44F0-75C8FBDC370B}.Debug|Any CPU.ActiveCfg = Debug|Any CPU
		{811AC89E-A3DB-F224-44F0-75C8FBDC370B}.Debug|Any CPU.Build.0 = Debug|Any CPU
		{811AC89E-A3DB-F224-44F0-75C8FBDC370B}.Release|Any CPU.ActiveCfg = Release|Any CPU
		{811AC89E-A3DB-F224-44F0-75C8FBDC370B}.Release|Any CPU.Build.0 = Release|Any CPU
		{6AEC704B-07E7-C4AC-EE41-07898C504DBB}.Debug|Any CPU.ActiveCfg = Debug|Any CPU
		{6AEC704B-07E7-C4AC-EE41-07898C504DBB}.Debug|Any CPU.Build.0 = Debug|Any CPU
		{6AEC704B-07E7-C4AC-EE41-07898C504DBB}.Release|Any CPU.ActiveCfg = Release|Any CPU
		{6AEC704B-07E7-C4AC-EE41-07898C504DBB}.Release|Any CPU.Build.0 = Release|Any CPU
		{7FB8E50E-4A45-5C8C-901E-897696DB5655}.Debug|Any CPU.ActiveCfg = Debug|Any CPU
		{7FB8E50E-4A45-5C8C-901E-897696DB5655}.Debug|Any CPU.Build.0 = Debug|Any CPU
		{7FB8E50E-4A45-5C8C-901E-897696DB5655}.Release|Any CPU.ActiveCfg = Release|Any CPU
		{7FB8E50E-4A45-5C8C-901E-897696DB5655}.Release|Any CPU.Build.0 = Release|Any CPU
		{F8E4E988-14C1-4C92-1BAA-A8591CEEA959}.Debug|Any CPU.ActiveCfg = Debug|Any CPU
		{F8E4E988-14C1-4C92-1BAA-A8591CEEA959}.Debug|Any CPU.Build.0 = Debug|Any CPU
		{F8E4E988-14C1-4C92-1BAA-A8591CEEA959}.Release|Any CPU.ActiveCfg = Release|Any CPU
		{F8E4E988-14C1-4C92-1BAA-A8591CEEA959}.Release|Any CPU.Build.0 = Release|Any CPU
		{552166B0-E161-F331-42E6-D231082A1391}.Debug|Any CPU.ActiveCfg = Debug|Any CPU
		{552166B0-E161-F331-42E6-D231082A1391}.Debug|Any CPU.Build.0 = Debug|Any CPU
		{552166B0-E161-F331-42E6-D231082A1391}.Release|Any CPU.ActiveCfg = Release|Any CPU
		{552166B0-E161-F331-42E6-D231082A1391}.Release|Any CPU.Build.0 = Release|Any CPU
		{093744C8-3810-E5E8-CD23-8637E7300374}.Debug|Any CPU.ActiveCfg = Debug|Any CPU
		{093744C8-3810-E5E8-CD23-8637E7300374}.Debug|Any CPU.Build.0 = Debug|Any CPU
		{093744C8-3810-E5E8-CD23-8637E7300374}.Release|Any CPU.ActiveCfg = Release|Any CPU
		{093744C8-3810-E5E8-CD23-8637E7300374}.Release|Any CPU.Build.0 = Release|Any CPU
		{E6E34404-9A87-D151-9364-9088BAF89CB2}.Debug|Any CPU.ActiveCfg = Debug|Any CPU
		{E6E34404-9A87-D151-9364-9088BAF89CB2}.Debug|Any CPU.Build.0 = Debug|Any CPU
		{E6E34404-9A87-D151-9364-9088BAF89CB2}.Release|Any CPU.ActiveCfg = Release|Any CPU
		{E6E34404-9A87-D151-9364-9088BAF89CB2}.Release|Any CPU.Build.0 = Release|Any CPU
		{E2E1F08A-3EC4-D7A5-7B8E-C76E1F1B4869}.Debug|Any CPU.ActiveCfg = Debug|Any CPU
		{E2E1F08A-3EC4-D7A5-7B8E-C76E1F1B4869}.Debug|Any CPU.Build.0 = Debug|Any CPU
		{E2E1F08A-3EC4-D7A5-7B8E-C76E1F1B4869}.Release|Any CPU.ActiveCfg = Release|Any CPU
		{E2E1F08A-3EC4-D7A5-7B8E-C76E1F1B4869}.Release|Any CPU.Build.0 = Release|Any CPU
		{51D2082F-6E9D-9BC7-5888-48B4AD5C537C}.Debug|Any CPU.ActiveCfg = Debug|Any CPU
		{51D2082F-6E9D-9BC7-5888-48B4AD5C537C}.Debug|Any CPU.Build.0 = Debug|Any CPU
		{51D2082F-6E9D-9BC7-5888-48B4AD5C537C}.Release|Any CPU.ActiveCfg = Release|Any CPU
		{51D2082F-6E9D-9BC7-5888-48B4AD5C537C}.Release|Any CPU.Build.0 = Release|Any CPU
		{30A87802-E7F3-256E-85FC-EC862ED35EFE}.Debug|Any CPU.ActiveCfg = Debug|Any CPU
		{30A87802-E7F3-256E-85FC-EC862ED35EFE}.Debug|Any CPU.Build.0 = Debug|Any CPU
		{30A87802-E7F3-256E-85FC-EC862ED35EFE}.Release|Any CPU.ActiveCfg = Release|Any CPU
		{30A87802-E7F3-256E-85FC-EC862ED35EFE}.Release|Any CPU.Build.0 = Release|Any CPU
		{1C6F3F6A-8057-E79F-219F-74A735AE9B8E}.Debug|Any CPU.ActiveCfg = Debug|Any CPU
		{1C6F3F6A-8057-E79F-219F-74A735AE9B8E}.Debug|Any CPU.Build.0 = Debug|Any CPU
		{1C6F3F6A-8057-E79F-219F-74A735AE9B8E}.Release|Any CPU.ActiveCfg = Release|Any CPU
		{1C6F3F6A-8057-E79F-219F-74A735AE9B8E}.Release|Any CPU.Build.0 = Release|Any CPU
		{05927144-177E-DA89-0B71-36312189B5F0}.Debug|Any CPU.ActiveCfg = Debug|Any CPU
		{05927144-177E-DA89-0B71-36312189B5F0}.Debug|Any CPU.Build.0 = Debug|Any CPU
		{05927144-177E-DA89-0B71-36312189B5F0}.Release|Any CPU.ActiveCfg = Release|Any CPU
		{05927144-177E-DA89-0B71-36312189B5F0}.Release|Any CPU.Build.0 = Release|Any CPU
		{886AAA47-6530-B3EE-822C-F7C4CC7A9C28}.Debug|Any CPU.ActiveCfg = Debug|Any CPU
		{886AAA47-6530-B3EE-822C-F7C4CC7A9C28}.Debug|Any CPU.Build.0 = Debug|Any CPU
		{886AAA47-6530-B3EE-822C-F7C4CC7A9C28}.Release|Any CPU.ActiveCfg = Release|Any CPU
		{886AAA47-6530-B3EE-822C-F7C4CC7A9C28}.Release|Any CPU.Build.0 = Release|Any CPU
		{D5E6EB15-D60A-74FF-0D12-ADE5A2B8CBEE}.Debug|Any CPU.ActiveCfg = Debug|Any CPU
		{D5E6EB15-D60A-74FF-0D12-ADE5A2B8CBEE}.Debug|Any CPU.Build.0 = Debug|Any CPU
		{D5E6EB15-D60A-74FF-0D12-ADE5A2B8CBEE}.Release|Any CPU.ActiveCfg = Release|Any CPU
		{D5E6EB15-D60A-74FF-0D12-ADE5A2B8CBEE}.Release|Any CPU.Build.0 = Release|Any CPU
		{AD2D480B-7377-EDF3-DF57-49A63FB7331B}.Debug|Any CPU.ActiveCfg = Debug|Any CPU
		{AD2D480B-7377-EDF3-DF57-49A63FB7331B}.Debug|Any CPU.Build.0 = Debug|Any CPU
		{AD2D480B-7377-EDF3-DF57-49A63FB7331B}.Release|Any CPU.ActiveCfg = Release|Any CPU
		{AD2D480B-7377-EDF3-DF57-49A63FB7331B}.Release|Any CPU.Build.0 = Release|Any CPU
		{5279B6D4-515A-4D3F-EC0A-0FB65B8F0FDD}.Debug|Any CPU.ActiveCfg = Debug|Any CPU
		{5279B6D4-515A-4D3F-EC0A-0FB65B8F0FDD}.Debug|Any CPU.Build.0 = Debug|Any CPU
		{5279B6D4-515A-4D3F-EC0A-0FB65B8F0FDD}.Release|Any CPU.ActiveCfg = Release|Any CPU
		{5279B6D4-515A-4D3F-EC0A-0FB65B8F0FDD}.Release|Any CPU.Build.0 = Release|Any CPU
		{96B01C63-7670-A406-AD83-E5BE58C25E60}.Debug|Any CPU.ActiveCfg = Debug|Any CPU
		{96B01C63-7670-A406-AD83-E5BE58C25E60}.Debug|Any CPU.Build.0 = Debug|Any CPU
		{96B01C63-7670-A406-AD83-E5BE58C25E60}.Release|Any CPU.ActiveCfg = Release|Any CPU
		{96B01C63-7670-A406-AD83-E5BE58C25E60}.Release|Any CPU.Build.0 = Release|Any CPU
	EndGlobalSection
	GlobalSection(SolutionProperties) = preSolution
		HideSolutionNode = FALSE
	EndGlobalSection
EndGlobal
